
Microsoft Visual Studio Solution File, Format Version 12.00
# Visual Studio Version 17
VisualStudioVersion = 17.3.32825.248
MinimumVisualStudioVersion = 10.0.40219.1
Project("{2150E333-8FDC-42A3-9474-1A3956D46DE8}") = "Application", "Application", "{845AFE35-8B0A-4494-8D75-A3C2C676CED9}"
EndProject
Project("{2150E333-8FDC-42A3-9474-1A3956D46DE8}") = "Domain", "Domain", "{64BD9942-F52C-4315-B073-4FD8D0FEB775}"
EndProject
Project("{2150E333-8FDC-42A3-9474-1A3956D46DE8}") = "Infra.Ioc", "Infra.Ioc", "{74A16141-5203-4C4A-9D98-CB0FAE4C2B97}"
EndProject
Project("{2150E333-8FDC-42A3-9474-1A3956D46DE8}") = "Infra.Data", "Infra.Data", "{8B890AD1-AAF1-456C-87EC-E083A94EB8FD}"
EndProject
Project("{2150E333-8FDC-42A3-9474-1A3956D46DE8}") = "Presentation", "Presentation", "{C18FA3E2-49C7-432A-8A2D-013E92EEC9D7}"
EndProject
Project("{9A19103F-16F7-4668-BE54-9A1E7A4F7556}") = "CleanArch.UI.Mvc", "CleanArch.UI.Mvc\CleanArch.UI.Mvc.csproj", "{8DC431ED-2BD7-4CD4-B162-EBCC300B9AFF}"
EndProject
Project("{2150E333-8FDC-42A3-9474-1A3956D46DE8}") = "_solution-items", "_solution-items", "{99B639CB-8873-44FB-8913-50DBDCE39554}"
	ProjectSection(SolutionItems) = preProject
		..\.gitignore = ..\.gitignore
		..\README.md = ..\README.md
	EndProjectSection
EndProject
Project("{FAE04EC0-301F-11D3-BF4B-00C04F79EFBC}") = "CleanArch.Domain", "CleanArch.Domain\CleanArch.Domain.csproj", "{F6517CA6-C213-497C-B16E-649B956A2FBC}"
EndProject
Global
	GlobalSection(SolutionConfigurationPlatforms) = preSolution
		Debug|Any CPU = Debug|Any CPU
		Release|Any CPU = Release|Any CPU
	EndGlobalSection
	GlobalSection(ProjectConfigurationPlatforms) = postSolution
		{8DC431ED-2BD7-4CD4-B162-EBCC300B9AFF}.Debug|Any CPU.ActiveCfg = Debug|Any CPU
		{8DC431ED-2BD7-4CD4-B162-EBCC300B9AFF}.Debug|Any CPU.Build.0 = Debug|Any CPU
		{8DC431ED-2BD7-4CD4-B162-EBCC300B9AFF}.Release|Any CPU.ActiveCfg = Release|Any CPU
		{8DC431ED-2BD7-4CD4-B162-EBCC300B9AFF}.Release|Any CPU.Build.0 = Release|Any CPU
		{F6517CA6-C213-497C-B16E-649B956A2FBC}.Debug|Any CPU.ActiveCfg = Debug|Any CPU
		{F6517CA6-C213-497C-B16E-649B956A2FBC}.Debug|Any CPU.Build.0 = Debug|Any CPU
		{F6517CA6-C213-497C-B16E-649B956A2FBC}.Release|Any CPU.ActiveCfg = Release|Any CPU
		{F6517CA6-C213-497C-B16E-649B956A2FBC}.Release|Any CPU.Build.0 = Release|Any CPU
	EndGlobalSection
	GlobalSection(SolutionProperties) = preSolution
		HideSolutionNode = FALSE
	EndGlobalSection
	GlobalSection(NestedProjects) = preSolution
		{8DC431ED-2BD7-4CD4-B162-EBCC300B9AFF} = {C18FA3E2-49C7-432A-8A2D-013E92EEC9D7}
		{F6517CA6-C213-497C-B16E-649B956A2FBC} = {64BD9942-F52C-4315-B073-4FD8D0FEB775}
	EndGlobalSection
	GlobalSection(ExtensibilityGlobals) = postSolution
		SolutionGuid = {D8369E7D-8D78-4C35-B2F6-1E5780D146CA}
	EndGlobalSection
EndGlobal
